{
  "nodes": {
    "aerospace-taps": {
      "flake": false,
      "locked": {
        "lastModified": 1746359410,
        "narHash": "sha256-hXcquTkyfKZw2p8bAE4Yh6we8xeAZbwNHhQtoK6SMU4=",
        "owner": "nikitabobko",
        "repo": "homebrew-tap",
        "rev": "6714dd2c19455643dbe754e6ec8454a86b3000d1",
        "type": "github"
      },
      "original": {
        "owner": "nikitabobko",
        "repo": "homebrew-tap",
        "type": "github"
      }
    },
    "brew-src": {
      "flake": false,
      "locked": {
        "lastModified": 1749511373,
        "narHash": "sha256-7u1TdHQaUCzzgf/n8T3bQosuYXyNBEPU/3WQQqozE5o=",
        "owner": "Homebrew",
        "repo": "brew",
        "rev": "7b4ef99fed96966269ee35994407fa4c06097a4d",
        "type": "github"
      },
      "original": {
        "owner": "Homebrew",
        "ref": "4.5.6",
        "repo": "brew",
        "type": "github"
      }
    },
    "catppuccin": {
      "inputs": {
        "nixpkgs": [
          "nixpkgs"
        ]
      },
      "locked": {
        "lastModified": 1749223974,
        "narHash": "sha256-/GAQYRW1duU81KG//2wI9ax8EkHVG/e1UOD97NdwLOY=",
        "owner": "catppuccin",
        "repo": "nix",
        "rev": "3a42cd79c647360ee8742659e42aeec0947dd3b4",
        "type": "github"
      },
      "original": {
        "owner": "catppuccin",
        "repo": "nix",
        "type": "github"
      }
    },
    "darwin": {
      "inputs": {
        "nixpkgs": [
          "nixpkgs"
        ]
      },
      "locked": {
        "lastModified": 1749744770,
        "narHash": "sha256-MEM9XXHgBF/Cyv1RES1t6gqAX7/tvayBC1r/KPyK1ls=",
        "owner": "LnL7",
        "repo": "nix-darwin",
        "rev": "536f951efb1ccda9b968e3c9dee39fbeb6d3fdeb",
        "type": "github"
      },
      "original": {
        "owner": "LnL7",
        "ref": "nix-darwin-25.05",
        "repo": "nix-darwin",
        "type": "github"
      }
    },
    "devshell": {
      "inputs": {
        "nixpkgs": [
          "nixvim",
          "nixvim",
          "nixpkgs"
        ]
      },
      "locked": {
        "lastModified": 1735644329,
        "narHash": "sha256-tO3HrHriyLvipc4xr+Ewtdlo7wM1OjXNjlWRgmM7peY=",
        "owner": "numtide",
        "repo": "devshell",
        "rev": "f7795ede5b02664b57035b3b757876703e2c3eac",
        "type": "github"
      },
      "original": {
        "owner": "numtide",
        "repo": "devshell",
        "type": "github"
      }
    },
    "disko": {
      "inputs": {
        "nixpkgs": [
          "nixpkgs"
        ]
      },
      "locked": {
        "lastModified": 1749436314,
        "narHash": "sha256-CqmqU5FRg5AadtIkxwu8ulDSOSoIisUMZRLlcED3Q5w=",
        "owner": "nix-community",
        "repo": "disko",
        "rev": "dfa4d1b9c39c0342ef133795127a3af14598017a",
        "type": "github"
      },
      "original": {
        "owner": "nix-community",
        "repo": "disko",
        "type": "github"
      }
    },
    "flake-compat": {
      "flake": false,
      "locked": {
        "lastModified": 1747046372,
        "narHash": "sha256-CIVLLkVgvHYbgI2UpXvIIBJ12HWgX+fjA8Xf8PUmqCY=",
        "owner": "edolstra",
        "repo": "flake-compat",
        "rev": "9100a0f413b0c601e0533d1d94ffd501ce2e7885",
        "type": "github"
      },
      "original": {
        "owner": "edolstra",
        "repo": "flake-compat",
        "type": "github"
      }
    },
    "flake-compat_2": {
      "locked": {
        "lastModified": 1733328505,
        "narHash": "sha256-NeCCThCEP3eCl2l/+27kNNK7QrwZB1IJCrXfrbv5oqU=",
        "rev": "ff81ac966bb2cae68946d5ed5fc4994f96d0ffec",
        "revCount": 69,
        "type": "tarball",
        "url": "https://api.flakehub.com/f/pinned/edolstra/flake-compat/1.1.0/01948eb7-9cba-704f-bbf3-3fa956735b52/source.tar.gz"
      },
      "original": {
        "type": "tarball",
        "url": "https://flakehub.com/f/edolstra/flake-compat/1.tar.gz"
      }
    },
    "flake-compat_3": {
      "flake": false,
      "locked": {
        "lastModified": 1696426674,
        "narHash": "sha256-kvjfFW7WAETZlt09AgDn1MrtKzP7t90Vf7vypd3OL1U=",
        "owner": "edolstra",
        "repo": "flake-compat",
        "rev": "0f9255e01c2351cc7d116c072cb317785dd33b33",
        "type": "github"
      },
      "original": {
        "owner": "edolstra",
        "repo": "flake-compat",
        "type": "github"
      }
    },
    "flake-compat_4": {
      "flake": false,
      "locked": {
        "lastModified": 1696426674,
        "narHash": "sha256-kvjfFW7WAETZlt09AgDn1MrtKzP7t90Vf7vypd3OL1U=",
        "owner": "edolstra",
        "repo": "flake-compat",
        "rev": "0f9255e01c2351cc7d116c072cb317785dd33b33",
        "type": "github"
      },
      "original": {
        "owner": "edolstra",
        "repo": "flake-compat",
        "type": "github"
      }
    },
    "flake-parts": {
      "inputs": {
        "nixpkgs-lib": "nixpkgs-lib"
      },
      "locked": {
        "lastModified": 1738453229,
        "narHash": "sha256-7H9XgNiGLKN1G1CgRh0vUL4AheZSYzPm+zmZ7vxbJdo=",
        "owner": "hercules-ci",
        "repo": "flake-parts",
        "rev": "32ea77a06711b758da0ad9bd6a844c5740a87abd",
        "type": "github"
      },
      "original": {
        "owner": "hercules-ci",
        "repo": "flake-parts",
        "type": "github"
      }
    },
    "flake-parts_2": {
      "inputs": {
        "nixpkgs-lib": [
          "nixvim",
          "nixvim",
          "nixpkgs"
        ]
      },
      "locked": {
        "lastModified": 1738453229,
        "narHash": "sha256-7H9XgNiGLKN1G1CgRh0vUL4AheZSYzPm+zmZ7vxbJdo=",
        "owner": "hercules-ci",
        "repo": "flake-parts",
        "rev": "32ea77a06711b758da0ad9bd6a844c5740a87abd",
        "type": "github"
      },
      "original": {
        "owner": "hercules-ci",
        "repo": "flake-parts",
        "type": "github"
      }
    },
    "flake-utils": {
      "inputs": {
        "systems": "systems"
      },
      "locked": {
        "lastModified": 1731533236,
        "narHash": "sha256-l0KFg5HjrsfsO/JpG+r7fRrqm12kzFHyUHqHCVpMMbI=",
        "owner": "numtide",
        "repo": "flake-utils",
        "rev": "11707dc2f618dd54ca8739b309ec4fc024de578b",
        "type": "github"
      },
      "original": {
        "owner": "numtide",
        "repo": "flake-utils",
        "type": "github"
      }
    },
    "flake-utils_2": {
      "inputs": {
        "systems": "systems_2"
      },
      "locked": {
        "lastModified": 1731533236,
        "narHash": "sha256-l0KFg5HjrsfsO/JpG+r7fRrqm12kzFHyUHqHCVpMMbI=",
        "owner": "numtide",
        "repo": "flake-utils",
        "rev": "11707dc2f618dd54ca8739b309ec4fc024de578b",
        "type": "github"
      },
      "original": {
        "owner": "numtide",
        "repo": "flake-utils",
        "type": "github"
      }
    },
    "flake-utils_3": {
      "locked": {
        "lastModified": 1659877975,
        "narHash": "sha256-zllb8aq3YO3h8B/U0/J1WBgAL8EX5yWf5pMj3G0NAmc=",
        "owner": "numtide",
        "repo": "flake-utils",
        "rev": "c0e246b9b83f637f4681389ecabcb2681b4f3af0",
        "type": "github"
      },
      "original": {
        "owner": "numtide",
        "repo": "flake-utils",
        "type": "github"
      }
    },
    "flake-utils_4": {
      "inputs": {
        "systems": "systems_3"
      },
      "locked": {
        "lastModified": 1731533236,
        "narHash": "sha256-l0KFg5HjrsfsO/JpG+r7fRrqm12kzFHyUHqHCVpMMbI=",
        "owner": "numtide",
        "repo": "flake-utils",
        "rev": "11707dc2f618dd54ca8739b309ec4fc024de578b",
        "type": "github"
      },
      "original": {
        "owner": "numtide",
        "repo": "flake-utils",
        "type": "github"
      }
    },
    "ghostty": {
      "inputs": {
        "flake-compat": "flake-compat",
        "flake-utils": "flake-utils_2",
        "nixpkgs": "nixpkgs",
        "zig": "zig",
        "zon2nix": "zon2nix"
      },
      "locked": {
        "lastModified": 1749909732,
        "narHash": "sha256-RFfk7kTpOs6ktAS6tn3wH3FkH9MWGK8p3HJBDh98vTA=",
        "owner": "ghostty-org",
        "repo": "ghostty",
        "rev": "f26dec559a9cebd9d39164039f410acdda06ef8c",
        "type": "github"
      },
      "original": {
        "owner": "ghostty-org",
        "repo": "ghostty",
        "type": "github"
      }
    },
    "git-hooks": {
      "inputs": {
        "flake-compat": [
          "nixvim",
          "nixvim",
          "flake-compat"
        ],
        "gitignore": "gitignore",
        "nixpkgs": [
          "nixvim",
          "nixvim",
          "nixpkgs"
        ]
      },
      "locked": {
        "lastModified": 1737465171,
        "narHash": "sha256-R10v2hoJRLq8jcL4syVFag7nIGE7m13qO48wRIukWNg=",
        "owner": "cachix",
        "repo": "git-hooks.nix",
        "rev": "9364dc02281ce2d37a1f55b6e51f7c0f65a75f17",
        "type": "github"
      },
      "original": {
        "owner": "cachix",
        "repo": "git-hooks.nix",
        "type": "github"
      }
    },
    "gitignore": {
      "inputs": {
        "nixpkgs": [
          "nixvim",
          "nixvim",
          "git-hooks",
          "nixpkgs"
        ]
      },
      "locked": {
        "lastModified": 1709087332,
        "narHash": "sha256-HG2cCnktfHsKV0s4XW83gU3F57gaTljL9KNSuG6bnQs=",
        "owner": "hercules-ci",
        "repo": "gitignore.nix",
        "rev": "637db329424fd7e46cf4185293b9cc8c88c95394",
        "type": "github"
      },
      "original": {
        "owner": "hercules-ci",
        "repo": "gitignore.nix",
        "type": "github"
      }
    },
    "gitignore_2": {
      "inputs": {
        "nixpkgs": [
          "nixvim",
          "pre-commit-hooks",
          "nixpkgs"
        ]
      },
      "locked": {
        "lastModified": 1709087332,
        "narHash": "sha256-HG2cCnktfHsKV0s4XW83gU3F57gaTljL9KNSuG6bnQs=",
        "owner": "hercules-ci",
        "repo": "gitignore.nix",
        "rev": "637db329424fd7e46cf4185293b9cc8c88c95394",
        "type": "github"
      },
      "original": {
        "owner": "hercules-ci",
        "repo": "gitignore.nix",
        "type": "github"
      }
    },
    "gitignore_3": {
      "inputs": {
        "nixpkgs": [
          "pre-commit-hooks",
          "nixpkgs"
        ]
      },
      "locked": {
        "lastModified": 1709087332,
        "narHash": "sha256-HG2cCnktfHsKV0s4XW83gU3F57gaTljL9KNSuG6bnQs=",
        "owner": "hercules-ci",
        "repo": "gitignore.nix",
        "rev": "637db329424fd7e46cf4185293b9cc8c88c95394",
        "type": "github"
      },
      "original": {
        "owner": "hercules-ci",
        "repo": "gitignore.nix",
        "type": "github"
      }
    },
    "home-manager": {
      "inputs": {
        "nixpkgs": [
          "nixpkgs"
        ]
      },
      "locked": {
        "lastModified": 1749154018,
        "narHash": "sha256-gjN3j7joRvT3a8Zgcylnd4NFsnXeDBumqiu4HmY1RIg=",
        "owner": "nix-community",
        "repo": "home-manager",
        "rev": "7aae0ee71a17b19708b93b3ed448a1a0952bf111",
        "type": "github"
      },
      "original": {
        "owner": "nix-community",
        "ref": "release-25.05",
        "repo": "home-manager",
        "type": "github"
      }
    },
    "home-manager_2": {
      "inputs": {
        "nixpkgs": [
          "nixvim",
          "nixvim",
          "nixpkgs"
        ]
      },
      "locked": {
        "lastModified": 1738448366,
        "narHash": "sha256-4ATtQqBlgsGqkHTemta0ydY6f7JBRXz4Hf574NHQpkg=",
        "owner": "nix-community",
        "repo": "home-manager",
        "rev": "18fa9f323d8adbb0b7b8b98a8488db308210ed93",
        "type": "github"
      },
      "original": {
        "owner": "nix-community",
        "repo": "home-manager",
        "type": "github"
      }
    },
    "homebrew-bundle": {
      "flake": false,
      "locked": {
        "lastModified": 1745335228,
        "narHash": "sha256-TIKR2UgtyUmHLNZp255/vLs+1I10hXe+sciMEbAGFwE=",
        "owner": "homebrew",
        "repo": "homebrew-bundle",
        "rev": "a3265c84b232e13048ecbf6fc18a2eedfadbeb08",
        "type": "github"
      },
      "original": {
        "owner": "homebrew",
        "repo": "homebrew-bundle",
        "type": "github"
      }
    },
    "homebrew-cask": {
      "flake": false,
      "locked": {
        "lastModified": 1749927073,
        "narHash": "sha256-4sPvn/KKyhWjj9g8rTz1/uFX/O+ml8C20IbfiQ/UuzY=",
        "owner": "homebrew",
        "repo": "homebrew-cask",
        "rev": "e59e6d4cef02c5fe273e86060cc60f90868997a3",
        "type": "github"
      },
      "original": {
        "owner": "homebrew",
        "repo": "homebrew-cask",
        "type": "github"
      }
    },
    "homebrew-core": {
      "flake": false,
      "locked": {
        "lastModified": 1749927645,
        "narHash": "sha256-u69JhpnNTU+0nODeFiBzsDAO7IoJYAhpYpimp3zQSS4=",
        "owner": "homebrew",
        "repo": "homebrew-core",
        "rev": "c163890a6a86388c1c9a131e868ce908da0c9f4c",
        "type": "github"
      },
      "original": {
        "owner": "homebrew",
        "repo": "homebrew-core",
        "type": "github"
      }
    },
    "ixx": {
      "inputs": {
        "flake-utils": [
          "nixvim",
          "nixvim",
          "nuschtosSearch",
          "flake-utils"
        ],
        "nixpkgs": [
          "nixvim",
          "nixvim",
          "nuschtosSearch",
          "nixpkgs"
        ]
      },
      "locked": {
        "lastModified": 1729958008,
        "narHash": "sha256-EiOq8jF4Z/zQe0QYVc3+qSKxRK//CFHMB84aYrYGwEs=",
        "owner": "NuschtOS",
        "repo": "ixx",
        "rev": "9fd01aad037f345350eab2cd45e1946cc66da4eb",
        "type": "github"
      },
      "original": {
        "owner": "NuschtOS",
        "ref": "v0.0.6",
        "repo": "ixx",
        "type": "github"
      }
    },
    "nix-darwin": {
      "inputs": {
        "nixpkgs": [
          "nixvim",
          "nixvim",
          "nixpkgs"
        ]
      },
      "locked": {
        "lastModified": 1738277753,
        "narHash": "sha256-iyFcCOk0mmDiv4ut9mBEuMxMZIym3++0qN1rQBg8FW0=",
        "owner": "lnl7",
        "repo": "nix-darwin",
        "rev": "49b807fa7c37568d7fbe2aeaafb9255c185412f9",
        "type": "github"
      },
      "original": {
        "owner": "lnl7",
        "repo": "nix-darwin",
        "type": "github"
      }
    },
    "nix-homebrew": {
      "inputs": {
        "brew-src": "brew-src"
      },
      "locked": {
        "lastModified": 1749519004,
        "narHash": "sha256-alxmYUeHT/rKYKuHuOHDazQqCIYdbEsaEpc1uMGosfM=",
        "owner": "zhaofengli-wip",
        "repo": "nix-homebrew",
        "rev": "e048b6646bc275341e0a854fa06168cec4c33962",
        "type": "github"
      },
      "original": {
        "owner": "zhaofengli-wip",
        "repo": "nix-homebrew",
        "type": "github"
      }
    },
    "nix-secrets": {
      "flake": false,
      "locked": {
        "lastModified": 1749929814,
        "narHash": "sha256-x4390YLJQAykIPHlmyEIZMrKtegnzBjO8DLRvOAAIlQ=",
        "ref": "main",
        "rev": "ab8cec83c6fe941c08414edc8b761ba011febca0",
        "shallow": true,
        "type": "git",
        "url": "ssh://git@github.com/i-ilak/nix-secrets"
      },
      "original": {
        "ref": "main",
        "shallow": true,
        "type": "git",
        "url": "ssh://git@github.com/i-ilak/nix-secrets"
      }
    },
    "nixgl": {
      "inputs": {
        "flake-utils": "flake-utils_3",
        "nixpkgs": [
          "nixpkgs"
        ]
      },
      "locked": {
        "lastModified": 1713543440,
        "narHash": "sha256-lnzZQYG0+EXl/6NkGpyIz+FEOc/DSEG57AP1VsdeNrM=",
        "owner": "nix-community",
        "repo": "nixGL",
        "rev": "310f8e49a149e4c9ea52f1adf70cdc768ec53f8a",
        "type": "github"
      },
      "original": {
        "owner": "nix-community",
        "repo": "nixGL",
        "type": "github"
      }
    },
    "nixpkgs": {
      "locked": {
        "lastModified": 1748189127,
        "narHash": "sha256-zRDR+EbbeObu4V2X5QCd2Bk5eltfDlCr5yvhBwUT6pY=",
        "rev": "7c43f080a7f28b2774f3b3f43234ca11661bf334",
        "type": "tarball",
        "url": "https://releases.nixos.org/nixos/25.05/nixos-25.05.802491.7c43f080a7f2/nixexprs.tar.xz"
      },
      "original": {
        "type": "tarball",
        "url": "https://channels.nixos.org/nixos-25.05/nixexprs.tar.xz"
      }
    },
    "nixpkgs-lib": {
      "locked": {
        "lastModified": 1738452942,
        "narHash": "sha256-vJzFZGaCpnmo7I6i416HaBLpC+hvcURh/BQwROcGIp8=",
        "type": "tarball",
        "url": "https://github.com/NixOS/nixpkgs/archive/072a6db25e947df2f31aab9eccd0ab75d5b2da11.tar.gz"
      },
      "original": {
        "type": "tarball",
        "url": "https://github.com/NixOS/nixpkgs/archive/072a6db25e947df2f31aab9eccd0ab75d5b2da11.tar.gz"
      }
    },
    "nixpkgs-unstable": {
      "locked": {
        "lastModified": 1749794982,
        "narHash": "sha256-Kh9K4taXbVuaLC0IL+9HcfvxsSUx8dPB5s5weJcc9pc=",
        "owner": "nixos",
        "repo": "nixpkgs",
        "rev": "ee930f9755f58096ac6e8ca94a1887e0534e2d81",
        "type": "github"
      },
      "original": {
        "owner": "nixos",
        "ref": "nixos-unstable",
        "repo": "nixpkgs",
        "type": "github"
      }
    },
    "nixpkgs_2": {
      "locked": {
        "lastModified": 1749727998,
        "narHash": "sha256-mHv/yeUbmL91/TvV95p+mBVahm9mdQMJoqaTVTALaFw=",
        "owner": "nixos",
        "repo": "nixpkgs",
        "rev": "fd487183437963a59ba763c0cc4f27e3447dd6dd",
        "type": "github"
      },
      "original": {
        "owner": "nixos",
        "ref": "nixos-25.05",
        "repo": "nixpkgs",
        "type": "github"
      }
    },
    "nixvim": {
      "inputs": {
        "flake-parts": "flake-parts",
        "nixpkgs": [
          "nixpkgs-unstable"
        ],
        "nixvim": "nixvim_2",
        "pre-commit-hooks": "pre-commit-hooks",
        "treefmt-nix": "treefmt-nix_2"
      },
      "locked": {
        "lastModified": 1749329225,
        "narHash": "sha256-/xpyKJtci1Tu+l3pDYF/6z9Ww7KaGDxcYzzdgfJ5WA0=",
        "owner": "i-ilak",
        "repo": "nixvim-config",
        "rev": "c9963ac27f762ac5e9bd5c090c5bad4ffa1fb2e1",
        "type": "github"
      },
      "original": {
        "owner": "i-ilak",
        "repo": "nixvim-config",
        "type": "github"
      }
    },
    "nixvim_2": {
      "inputs": {
        "devshell": "devshell",
        "flake-compat": "flake-compat_2",
        "flake-parts": "flake-parts_2",
        "git-hooks": "git-hooks",
        "home-manager": "home-manager_2",
        "nix-darwin": "nix-darwin",
        "nixpkgs": [
          "nixvim",
          "nixpkgs"
        ],
        "nuschtosSearch": "nuschtosSearch",
        "treefmt-nix": "treefmt-nix"
      },
      "locked": {
        "lastModified": 1738622717,
        "narHash": "sha256-XSFbbhN8xdr4qKRFbubXJ3vkSusKSnALf69G9fdGPXE=",
        "owner": "nix-community",
        "repo": "nixvim",
        "rev": "6288354d43ada972480cbd10dc7102637eeafc1e",
        "type": "github"
      },
      "original": {
        "owner": "nix-community",
        "repo": "nixvim",
        "type": "github"
      }
    },
    "nuschtosSearch": {
      "inputs": {
        "flake-utils": "flake-utils_4",
        "ixx": "ixx",
        "nixpkgs": [
          "nixvim",
          "nixvim",
          "nixpkgs"
        ]
      },
      "locked": {
        "lastModified": 1738508923,
        "narHash": "sha256-4DaDrQDAIxlWhTjH6h/+xfG05jt3qDZrZE/7zDLQaS4=",
        "owner": "NuschtOS",
        "repo": "search",
        "rev": "86e2038290859006e05ca7201425ea5b5de4aecb",
        "type": "github"
      },
      "original": {
        "owner": "NuschtOS",
        "repo": "search",
        "type": "github"
      }
    },
    "pre-commit-hooks": {
      "inputs": {
        "flake-compat": "flake-compat_3",
        "gitignore": "gitignore_2",
        "nixpkgs": [
          "nixvim",
          "nixpkgs"
        ]
      },
      "locked": {
        "lastModified": 1737465171,
        "narHash": "sha256-R10v2hoJRLq8jcL4syVFag7nIGE7m13qO48wRIukWNg=",
        "owner": "cachix",
        "repo": "pre-commit-hooks.nix",
        "rev": "9364dc02281ce2d37a1f55b6e51f7c0f65a75f17",
        "type": "github"
      },
      "original": {
        "owner": "cachix",
        "repo": "pre-commit-hooks.nix",
        "type": "github"
      }
    },
    "pre-commit-hooks_2": {
      "inputs": {
        "flake-compat": "flake-compat_4",
        "gitignore": "gitignore_3",
        "nixpkgs": [
          "nixpkgs"
        ]
      },
      "locked": {
        "lastModified": 1749636823,
        "narHash": "sha256-WUaIlOlPLyPgz9be7fqWJA5iG6rHcGRtLERSCfUDne4=",
        "owner": "cachix",
        "repo": "git-hooks.nix",
        "rev": "623c56286de5a3193aa38891a6991b28f9bab056",
        "type": "github"
      },
      "original": {
        "owner": "cachix",
        "repo": "git-hooks.nix",
        "type": "github"
      }
    },
    "root": {
      "inputs": {
        "aerospace-taps": "aerospace-taps",
        "catppuccin": "catppuccin",
        "darwin": "darwin",
        "disko": "disko",
        "flake-utils": "flake-utils",
        "ghostty": "ghostty",
        "home-manager": "home-manager",
        "homebrew-bundle": "homebrew-bundle",
        "homebrew-cask": "homebrew-cask",
        "homebrew-core": "homebrew-core",
        "nix-homebrew": "nix-homebrew",
        "nix-secrets": "nix-secrets",
        "nixgl": "nixgl",
        "nixpkgs": "nixpkgs_2",
        "nixpkgs-unstable": "nixpkgs-unstable",
        "nixvim": "nixvim",
        "pre-commit-hooks": "pre-commit-hooks_2",
        "sops-nix": "sops-nix"
      }
    },
    "sops-nix": {
      "inputs": {
        "nixpkgs": [
          "nixpkgs"
        ]
      },
      "locked": {
        "lastModified": 1749592509,
        "narHash": "sha256-VunQzfZFA+Y6x3wYi2UE4DEQ8qKoAZZCnZPUlSoqC+A=",
        "owner": "Mic92",
        "repo": "sops-nix",
        "rev": "50754dfaa0e24e313c626900d44ef431f3210138",
        "type": "github"
      },
      "original": {
        "owner": "Mic92",
        "repo": "sops-nix",
        "type": "github"
      }
    },
    "systems": {
      "locked": {
        "lastModified": 1681028828,
        "narHash": "sha256-Vy1rq5AaRuLzOxct8nz4T6wlgyUR7zLU309k9mBC768=",
        "owner": "nix-systems",
        "repo": "default",
        "rev": "da67096a3b9bf56a91d16901293e51ba5b49a27e",
        "type": "github"
      },
      "original": {
        "owner": "nix-systems",
        "repo": "default",
        "type": "github"
      }
    },
    "systems_2": {
      "locked": {
        "lastModified": 1681028828,
        "narHash": "sha256-Vy1rq5AaRuLzOxct8nz4T6wlgyUR7zLU309k9mBC768=",
        "owner": "nix-systems",
        "repo": "default",
        "rev": "da67096a3b9bf56a91d16901293e51ba5b49a27e",
        "type": "github"
      },
      "original": {
        "owner": "nix-systems",
        "repo": "default",
        "type": "github"
      }
    },
    "systems_3": {
      "locked": {
        "lastModified": 1681028828,
        "narHash": "sha256-Vy1rq5AaRuLzOxct8nz4T6wlgyUR7zLU309k9mBC768=",
        "owner": "nix-systems",
        "repo": "default",
        "rev": "da67096a3b9bf56a91d16901293e51ba5b49a27e",
        "type": "github"
      },
      "original": {
        "owner": "nix-systems",
        "repo": "default",
        "type": "github"
      }
    },
    "treefmt-nix": {
      "inputs": {
        "nixpkgs": [
          "nixvim",
          "nixvim",
          "nixpkgs"
        ]
      },
      "locked": {
        "lastModified": 1738070913,
        "narHash": "sha256-j6jC12vCFsTGDmY2u1H12lMr62fnclNjuCtAdF1a4Nk=",
        "owner": "numtide",
        "repo": "treefmt-nix",
        "rev": "bebf27d00f7d10ba75332a0541ac43676985dea3",
        "type": "github"
      },
      "original": {
        "owner": "numtide",
        "repo": "treefmt-nix",
        "type": "github"
      }
    },
    "treefmt-nix_2": {
      "inputs": {
        "nixpkgs": [
          "nixvim",
          "nixpkgs"
        ]
      },
      "locked": {
        "lastModified": 1742370146,
        "narHash": "sha256-XRE8hL4vKIQyVMDXykFh4ceo3KSpuJF3ts8GKwh5bIU=",
        "owner": "numtide",
        "repo": "treefmt-nix",
        "rev": "adc195eef5da3606891cedf80c0d9ce2d3190808",
        "type": "github"
      },
      "original": {
        "owner": "numtide",
        "repo": "treefmt-nix",
        "type": "github"
      }
    },
    "zig": {
      "inputs": {
        "flake-compat": [
          "ghostty"
        ],
        "flake-utils": [
          "ghostty",
          "flake-utils"
        ],
        "nixpkgs": [
          "ghostty",
          "nixpkgs"
        ]
      },
      "locked": {
        "lastModified": 1748261582,
        "narHash": "sha256-3i0IL3s18hdDlbsf0/E+5kyPRkZwGPbSFngq5eToiAA=",
        "owner": "mitchellh",
        "repo": "zig-overlay",
        "rev": "aafb1b093fb838f7a02613b719e85ec912914221",
        "type": "github"
      },
      "original": {
        "owner": "mitchellh",
        "repo": "zig-overlay",
        "type": "github"
      }
    },
    "zon2nix": {
      "inputs": {
        "flake-utils": [
          "ghostty",
          "flake-utils"
        ],
        "nixpkgs": [
          "ghostty",
          "nixpkgs"
        ]
      },
      "locked": {
        "lastModified": 1742104771,
        "narHash": "sha256-LhidlyEA9MP8jGe1rEnyjGFCzLLgCdDpYeWggibayr0=",
        "owner": "jcollie",
        "repo": "zon2nix",
        "rev": "56c159be489cc6c0e73c3930bd908ddc6fe89613",
        "type": "github"
      },
      "original": {
        "owner": "jcollie",
        "ref": "56c159be489cc6c0e73c3930bd908ddc6fe89613",
        "repo": "zon2nix",
        "type": "github"
      }
    }
  },
  "root": "root",
  "version": 7
}
